
Microsoft Visual Studio Solution File, Format Version 12.00
# Visual Studio Version 17
VisualStudioVersion = 17.1.32328.378
MinimumVisualStudioVersion = 10.0.40219.1
Project("{9A19103F-16F7-4668-BE54-9A1E7A4F7556}") = "CyberSpaceAcademy", "CyberSpaceAcademy\CyberSpaceAcademy.csproj", "{3F72AAAE-F5FD-4713-BEE7-7A97D415B72F}"
EndProject
Project("{2150E333-8FDC-42A3-9474-1A3956D46DE8}") = "ClassLearning", "ClassLearning", "{85D5CEFF-7F80-40D5-BCBF-6082DBAFDF20}"
EndProject
Project("{FAE04EC0-301F-11D3-BF4B-00C04F79EFBC}") = "ClassLearning", "ClassLearning\ClassLearning.csproj", "{F6E7CB96-2B32-482E-9BDD-CE6FBF4695E9}"
EndProject
Global
	GlobalSection(SolutionConfigurationPlatforms) = preSolution
		Debug|Any CPU = Debug|Any CPU
		Release|Any CPU = Release|Any CPU
	EndGlobalSection
	GlobalSection(ProjectConfigurationPlatforms) = postSolution
		{3F72AAAE-F5FD-4713-BEE7-7A97D415B72F}.Debug|Any CPU.ActiveCfg = Debug|Any CPU
		{3F72AAAE-F5FD-4713-BEE7-7A97D415B72F}.Debug|Any CPU.Build.0 = Debug|Any CPU
		{3F72AAAE-F5FD-4713-BEE7-7A97D415B72F}.Release|Any CPU.ActiveCfg = Release|Any CPU
		{3F72AAAE-F5FD-4713-BEE7-7A97D415B72F}.Release|Any CPU.Build.0 = Release|Any CPU
		{F6E7CB96-2B32-482E-9BDD-CE6FBF4695E9}.Debug|Any CPU.ActiveCfg = Debug|Any CPU
		{F6E7CB96-2B32-482E-9BDD-CE6FBF4695E9}.Debug|Any CPU.Build.0 = Debug|Any CPU
		{F6E7CB96-2B32-482E-9BDD-CE6FBF4695E9}.Release|Any CPU.ActiveCfg = Release|Any CPU
		{F6E7CB96-2B32-482E-9BDD-CE6FBF4695E9}.Release|Any CPU.Build.0 = Release|Any CPU
	EndGlobalSection
	GlobalSection(SolutionProperties) = preSolution
		HideSolutionNode = FALSE
	EndGlobalSection
	GlobalSection(NestedProjects) = preSolution
		{F6E7CB96-2B32-482E-9BDD-CE6FBF4695E9} = {85D5CEFF-7F80-40D5-BCBF-6082DBAFDF20}
	EndGlobalSection
	GlobalSection(ExtensibilityGlobals) = postSolution
		SolutionGuid = {8612E06F-03EC-4907-9A8C-3EED711893A6}
	EndGlobalSection
EndGlobal
